
Microsoft Visual Studio Solution File, Format Version 12.00
# Visual Studio Version 16
VisualStudioVersion = 16.0.29709.97
MinimumVisualStudioVersion = 10.0.40219.1
Project("{FAE04EC0-301F-11D3-BF4B-00C04F79EFBC}") = "Spreadsheet_Harry_Pines", "Spreadsheet_Harry_Pines.csproj", "{F3535565-6A49-41B3-9134-7A5F307484BD}"
EndProject
Project("{FAE04EC0-301F-11D3-BF4B-00C04F79EFBC}") = "SpreadsheetEngine", "..\SpreadsheetEngine\SpreadsheetEngine.csproj", "{74A131D4-4DF7-4C7A-A0E4-93F64247A51A}"
EndProject
Project("{FAE04EC0-301F-11D3-BF4B-00C04F79EFBC}") = "NUnit.Tests1", "..\NUnit.Tests1\NUnit.Tests1.csproj", "{8EDF4429-251A-416D-BB68-93F227191BCF}"
EndProject
Project("{FAE04EC0-301F-11D3-BF4B-00C04F79EFBC}") = "Homework 6 Demo", "..\Homework 5 Demo\Homework 6 Demo.csproj", "{C678FCD8-A7B1-40C3-BF97-D55EBBFEFCC2}"
EndProject
Project("{2150E333-8FDC-42A3-9474-1A3956D46DE8}") = "Solution Items", "Solution Items", "{26EC3156-F4B4-4B8C-8516-FACC84168BB7}"
	ProjectSection(SolutionItems) = preProject
		.editorconfig = .editorconfig
	EndProjectSection
EndProject
Global
	GlobalSection(SolutionConfigurationPlatforms) = preSolution
		Debug|Any CPU = Debug|Any CPU
		Release|Any CPU = Release|Any CPU
	EndGlobalSection
	GlobalSection(ProjectConfigurationPlatforms) = postSolution
		{F3535565-6A49-41B3-9134-7A5F307484BD}.Debug|Any CPU.ActiveCfg = Debug|Any CPU
		{F3535565-6A49-41B3-9134-7A5F307484BD}.Debug|Any CPU.Build.0 = Debug|Any CPU
		{F3535565-6A49-41B3-9134-7A5F307484BD}.Release|Any CPU.ActiveCfg = Release|Any CPU
		{F3535565-6A49-41B3-9134-7A5F307484BD}.Release|Any CPU.Build.0 = Release|Any CPU
		{74A131D4-4DF7-4C7A-A0E4-93F64247A51A}.Debug|Any CPU.ActiveCfg = Debug|Any CPU
		{74A131D4-4DF7-4C7A-A0E4-93F64247A51A}.Debug|Any CPU.Build.0 = Debug|Any CPU
		{74A131D4-4DF7-4C7A-A0E4-93F64247A51A}.Release|Any CPU.ActiveCfg = Release|Any CPU
		{74A131D4-4DF7-4C7A-A0E4-93F64247A51A}.Release|Any CPU.Build.0 = Release|Any CPU
		{8EDF4429-251A-416D-BB68-93F227191BCF}.Debug|Any CPU.ActiveCfg = Debug|Any CPU
		{8EDF4429-251A-416D-BB68-93F227191BCF}.Debug|Any CPU.Build.0 = Debug|Any CPU
		{8EDF4429-251A-416D-BB68-93F227191BCF}.Release|Any CPU.ActiveCfg = Release|Any CPU
		{8EDF4429-251A-416D-BB68-93F227191BCF}.Release|Any CPU.Build.0 = Release|Any CPU
		{C678FCD8-A7B1-40C3-BF97-D55EBBFEFCC2}.Debug|Any CPU.ActiveCfg = Debug|Any CPU
		{C678FCD8-A7B1-40C3-BF97-D55EBBFEFCC2}.Debug|Any CPU.Build.0 = Debug|Any CPU
		{C678FCD8-A7B1-40C3-BF97-D55EBBFEFCC2}.Release|Any CPU.ActiveCfg = Release|Any CPU
		{C678FCD8-A7B1-40C3-BF97-D55EBBFEFCC2}.Release|Any CPU.Build.0 = Release|Any CPU
	EndGlobalSection
	GlobalSection(SolutionProperties) = preSolution
		HideSolutionNode = FALSE
	EndGlobalSection
	GlobalSection(ExtensibilityGlobals) = postSolution
		SolutionGuid = {0F3C979D-F44F-4BB9-8C46-E84E532954C6}
	EndGlobalSection
EndGlobal
